
Microsoft Visual Studio Solution File, Format Version 12.00
# Visual Studio Version 17
VisualStudioVersion = 17.0.31903.59
MinimumVisualStudioVersion = 10.0.40219.1
Project("{FAE04EC0-301F-11D3-BF4B-00C04F79EFBC}") = "DesignPatterns.Api", "DesignPatterns.Api\DesignPatterns.Api.csproj", "{F91D5443-27B9-4579-9DA0-40258F769A37}"
EndProject
Project("{FAE04EC0-301F-11D3-BF4B-00C04F79EFBC}") = "DesignPatterns.Lib", "DesignPatterns.Lib\DesignPatterns.Lib.csproj", "{8F78CA87-A8CF-41AD-ADDD-4FC00ACEA7B1}"
EndProject
Global
	GlobalSection(SolutionConfigurationPlatforms) = preSolution
		Debug|Any CPU = Debug|Any CPU
		Release|Any CPU = Release|Any CPU
	EndGlobalSection
	GlobalSection(SolutionProperties) = preSolution
		HideSolutionNode = FALSE
	EndGlobalSection
	GlobalSection(ProjectConfigurationPlatforms) = postSolution
		{F91D5443-27B9-4579-9DA0-40258F769A37}.Debug|Any CPU.ActiveCfg = Debug|Any CPU
		{F91D5443-27B9-4579-9DA0-40258F769A37}.Debug|Any CPU.Build.0 = Debug|Any CPU
		{F91D5443-27B9-4579-9DA0-40258F769A37}.Release|Any CPU.ActiveCfg = Release|Any CPU
		{F91D5443-27B9-4579-9DA0-40258F769A37}.Release|Any CPU.Build.0 = Release|Any CPU
		{8F78CA87-A8CF-41AD-ADDD-4FC00ACEA7B1}.Debug|Any CPU.ActiveCfg = Debug|Any CPU
		{8F78CA87-A8CF-41AD-ADDD-4FC00ACEA7B1}.Debug|Any CPU.Build.0 = Debug|Any CPU
		{8F78CA87-A8CF-41AD-ADDD-4FC00ACEA7B1}.Release|Any CPU.ActiveCfg = Release|Any CPU
		{8F78CA87-A8CF-41AD-ADDD-4FC00ACEA7B1}.Release|Any CPU.Build.0 = Release|Any CPU
	EndGlobalSection
EndGlobal
